
Microsoft Visual Studio Solution File, Format Version 12.00
# Visual Studio Version 17
VisualStudioVersion = 17.14.36127.28 d17.14
MinimumVisualStudioVersion = 10.0.40219.1
Project("{FAE04EC0-301F-11D3-BF4B-00C04F79EFBC}") = "robo de atendimento", "robo de atendimento\robo de atendimento.csproj", "{7227D8D9-86D7-45FE-B6D6-7ED4392FF690}"
EndProject
Global
	GlobalSection(SolutionConfigurationPlatforms) = preSolution
		Debug|Any CPU = Debug|Any CPU
		Release|Any CPU = Release|Any CPU
	EndGlobalSection
	GlobalSection(ProjectConfigurationPlatforms) = postSolution
		{7227D8D9-86D7-45FE-B6D6-7ED4392FF690}.Debug|Any CPU.ActiveCfg = Debug|Any CPU
		{7227D8D9-86D7-45FE-B6D6-7ED4392FF690}.Debug|Any CPU.Build.0 = Debug|Any CPU
		{7227D8D9-86D7-45FE-B6D6-7ED4392FF690}.Release|Any CPU.ActiveCfg = Release|Any CPU
		{7227D8D9-86D7-45FE-B6D6-7ED4392FF690}.Release|Any CPU.Build.0 = Release|Any CPU
	EndGlobalSection
	GlobalSection(SolutionProperties) = preSolution
		HideSolutionNode = FALSE
	EndGlobalSection
	GlobalSection(ExtensibilityGlobals) = postSolution
		SolutionGuid = {6BEFA71E-F0C3-423C-8151-97D754FE53A3}
	EndGlobalSection
EndGlobal
